{
  "name": "llm-client-workers",
  "version": "1.0.0",
  "lockfileVersion": 3,
  "requires": true,
  "packages": {
    "": {
      "name": "llm-client-workers",
      "version": "1.0.0",
      "dependencies": {
        "marked": "^18.0.9"
      }
    },
    "node_modules/marked": {
      "version": "18.0.9",
      "resolved": "https://registry.npmjs.org/marked/-/marked-18.0.9.tgz",
      "integrity": "sha512-/Sa4qiiHZxf0/FQdBBowr9q4r10krCwMvpK48FUBdXdUXScDxiQGR9zCPrFgRVR5LU3iySOiIjy09ZQvADir1w==",
      "license": "MIT",
      "bin": {
        "marked": "bin/marked.js"
      },
      "engines": {
        "node": ">= 20"
      }
    }
  }
}
